// !$*UTF8*$!
{
	archiveVersion = 1;
	classes = {
	};
	objectVersion = 77;
	objects = {

/* Begin PBXBuildFile section */
		E625A7ED3021367A00E7ADEB /* FolderWatcher.swift in Sources */ = {isa = PBXBuildFile; fileRef = E625A7D23021367A00E7ADEB /* FolderWatcher.swift */; };
		E625A7F4302136EC00E7ADEB /* ZIPFoundation in Frameworks */ = {isa = PBXBuildFile; productRef = E625A7F3302136EC00E7ADEB /* ZIPFoundation */; };
		E625A7F63021374900E7ADEB /* unrar in Resources */ = {isa = PBXBuildFile; fileRef = E625A7F53021374900E7ADEB /* unrar */; };
		E62FC30930257C6D005D9478 /* SeriesGroupSheet.swift in Sources */ = {isa = PBXBuildFile; fileRef = E62FC30830257C6D005D9478 /* SeriesGroupSheet.swift */; };
		E62FC30F30258281005D9478 /* MetadataWriter.swift in Sources */ = {isa = PBXBuildFile; fileRef = E62FC30E30258281005D9478 /* MetadataWriter.swift */; };
		E6507F9530252215002B45DD /* BookmarksView.swift in Sources */ = {isa = PBXBuildFile; fileRef = E6507F9430252215002B45DD /* BookmarksView.swift */; };
		E6507F9730252221002B45DD /* ImportReviewView.swift in Sources */ = {isa = PBXBuildFile; fileRef = E6507F9630252221002B45DD /* ImportReviewView.swift */; };
		E6507F9930252231002B45DD /* CommandPalette.swift in Sources */ = {isa = PBXBuildFile; fileRef = E6507F9830252231002B45DD /* CommandPalette.swift */; };
		E6507FA130252274002B45DD /* ThumbnailGenerator.swift in Sources */ = {isa = PBXBuildFile; fileRef = E6507FA030252274002B45DD /* ThumbnailGenerator.swift */; };
		E6507FA530252293002B45DD /* PageStrip.swift in Sources */ = {isa = PBXBuildFile; fileRef = E6507FA430252293002B45DD /* PageStrip.swift */; };
		E6507FAF30252628002B45DD /* ComicGhostApp.swift in Sources */ = {isa = PBXBuildFile; fileRef = E6507FAE30252628002B45DD /* ComicGhostApp.swift */; };
		E6507FB130252C9F002B45DD /* CreditsIndexView.swift in Sources */ = {isa = PBXBuildFile; fileRef = E6507FB030252C9F002B45DD /* CreditsIndexView.swift */; };
		E6507FB730252CD6002B45DD /* SmartCollection.swift in Sources */ = {isa = PBXBuildFile; fileRef = E6507FB630252CD6002B45DD /* SmartCollection.swift */; };
		E6507FD1302536B1002B45DD /* BackupService.swift in Sources */ = {isa = PBXBuildFile; fileRef = E6507FD0302536B1002B45DD /* BackupService.swift */; };
		E6507FD530253899002B45DD /* LibraryItem.swift in Sources */ = {isa = PBXBuildFile; fileRef = E6507FD430253899002B45DD /* LibraryItem.swift */; };
		E6507FD9302538BF002B45DD /* MetadataEditorSheet.swift in Sources */ = {isa = PBXBuildFile; fileRef = E6507FD8302538BF002B45DD /* MetadataEditorSheet.swift */; };
		E6507FE330253C35002B45DD /* ComicArchive.swift in Sources */ = {isa = PBXBuildFile; fileRef = E6507FE230253C35002B45DD /* ComicArchive.swift */; };
		E6507FE530253C4E002B45DD /* ArchiveExtractor.swift in Sources */ = {isa = PBXBuildFile; fileRef = E6507FE430253C4E002B45DD /* ArchiveExtractor.swift */; };
		E6507FE730253C5D002B45DD /* ImageCache.swift in Sources */ = {isa = PBXBuildFile; fileRef = E6507FE630253C5D002B45DD /* ImageCache.swift */; };
		E6507FE930253C75002B45DD /* LibraryIngest.swift in Sources */ = {isa = PBXBuildFile; fileRef = E6507FE830253C75002B45DD /* LibraryIngest.swift */; };
		E6507FEB30253C89002B45DD /* MetadataParser.swift in Sources */ = {isa = PBXBuildFile; fileRef = E6507FEA30253C89002B45DD /* MetadataParser.swift */; };
		E6507FEF30253CAB002B45DD /* ImageAdjustments.swift in Sources */ = {isa = PBXBuildFile; fileRef = E6507FEE30253CAB002B45DD /* ImageAdjustments.swift */; };
		E6507FF930254379002B45DD /* SeriesCard.swift in Sources */ = {isa = PBXBuildFile; fileRef = E6507FF830254379002B45DD /* SeriesCard.swift */; };
		E65769DA3022AB9A004FB141 /* Bookmark.swift in Sources */ = {isa = PBXBuildFile; fileRef = E65769D93022AB9A004FB141 /* Bookmark.swift */; };
		E669086B3023740800BACC24 /* IgnoredFile.swift in Sources */ = {isa = PBXBuildFile; fileRef = E669086A3023740800BACC24 /* IgnoredFile.swift */; };
		E67ED2C330264C5B00EFCE6F /* SettingsView.swift in Sources */ = {isa = PBXBuildFile; fileRef = E67ED2C230264C5B00EFCE6F /* SettingsView.swift */; };
		E67ED2C530264C7300EFCE6F /* LibraryItemCell.swift in Sources */ = {isa = PBXBuildFile; fileRef = E67ED2C430264C7300EFCE6F /* LibraryItemCell.swift */; };
		E6837E3A3022D85700D5EFEB /* ComicLabel.swift in Sources */ = {isa = PBXBuildFile; fileRef = E6837E393022D85700D5EFEB /* ComicLabel.swift */; };
		E6837E3C3022D86C00D5EFEB /* LabelViews.swift in Sources */ = {isa = PBXBuildFile; fileRef = E6837E3B3022D86C00D5EFEB /* LabelViews.swift */; };
		E6848229302192AF00690FF3 /* SmartCollectionEditor.swift in Sources */ = {isa = PBXBuildFile; fileRef = E6848228302192AF00690FF3 /* SmartCollectionEditor.swift */; };
		E6C8FAE830235C2D00C3C658 /* CGThemeCatalog.swift in Sources */ = {isa = PBXBuildFile; fileRef = E6C8FAE730235C2D00C3C658 /* CGThemeCatalog.swift */; };
		E6CF1605302606700090D8A9 /* LibraryToolsView.swift in Sources */ = {isa = PBXBuildFile; fileRef = E6CF1604302606700090D8A9 /* LibraryToolsView.swift */; };
		E6CF160D302606B40090D8A9 /* BatchConverter.swift in Sources */ = {isa = PBXBuildFile; fileRef = E6CF160C302606B40090D8A9 /* BatchConverter.swift */; };
		E6D2C93B3024C0D40056EAA7 /* PageView.swift in Sources */ = {isa = PBXBuildFile; fileRef = E6D2C93A3024C0D40056EAA7 /* PageView.swift */; };
		E6D2C93D3024C3520056EAA7 /* ComicInfo.swift in Sources */ = {isa = PBXBuildFile; fileRef = E6D2C93C3024C3520056EAA7 /* ComicInfo.swift */; };
		E6D2C94B3024C9C60056EAA7 /* ModelContainerSetup.swift in Sources */ = {isa = PBXBuildFile; fileRef = E6D2C94A3024C9C60056EAA7 /* ModelContainerSetup.swift */; };
		E6D2C95B3024CE940056EAA7 /* ComicNote.swift in Sources */ = {isa = PBXBuildFile; fileRef = E6D2C95A3024CE940056EAA7 /* ComicNote.swift */; };
		E6D2C95F3024CEBA0056EAA7 /* ControlsLegend.swift in Sources */ = {isa = PBXBuildFile; fileRef = E6D2C95E3024CEBA0056EAA7 /* ControlsLegend.swift */; };
		E6D2C9633024CEDB0056EAA7 /* NotesView.swift in Sources */ = {isa = PBXBuildFile; fileRef = E6D2C9623024CEDB0056EAA7 /* NotesView.swift */; };
		E6DE9DF0302610B500A5E8E2 /* ReaderView.swift in Sources */ = {isa = PBXBuildFile; fileRef = E6DE9DEF302610B500A5E8E2 /* ReaderView.swift */; };
		E6DE9DF23026124A00A5E8E2 /* LibraryView.swift in Sources */ = {isa = PBXBuildFile; fileRef = E6DE9DF13026124A00A5E8E2 /* LibraryView.swift */; };
		E6E8A1CA30236777004D061B /* ContinuousPagesView.swift in Sources */ = {isa = PBXBuildFile; fileRef = E6E8A1C930236777004D061B /* ContinuousPagesView.swift */; };
		E6E8A1D230236909004D061B /* CGTheme.swift in Sources */ = {isa = PBXBuildFile; fileRef = E6E8A1D130236909004D061B /* CGTheme.swift */; };
		E6E8A1E230236ACF004D061B /* LibraryAnalysis.swift in Sources */ = {isa = PBXBuildFile; fileRef = E6E8A1E130236ACF004D061B /* LibraryAnalysis.swift */; };
		E6E8A1E830236D1A004D061B /* SystemIntegration.swift in Sources */ = {isa = PBXBuildFile; fileRef = E6E8A1E730236D1A004D061B /* SystemIntegration.swift */; };
		E6F87E5630213C1B00E16DFF /* ReadingProgress.swift in Sources */ = {isa = PBXBuildFile; fileRef = E6F87E5530213C1B00E16DFF /* ReadingProgress.swift */; };
		E6F87E8B30215E5C00E16DFF /* WatchedFolder.swift in Sources */ = {isa = PBXBuildFile; fileRef = E6F87E8A30215E5C00E16DFF /* WatchedFolder.swift */; };
		E6F87EAB302173B000E16DFF /* Assets.xcassets in Resources */ = {isa = PBXBuildFile; fileRef = E6F87EAA302173B000E16DFF /* Assets.xcassets */; };
		E6F87EC330217CE100E16DFF /* RatingViews.swift in Sources */ = {isa = PBXBuildFile; fileRef = E6F87EC230217CE100E16DFF /* RatingViews.swift */; };
		E6F87ECF30217D5400E16DFF /* StatsView.swift in Sources */ = {isa = PBXBuildFile; fileRef = E6F87ECE30217D5400E16DFF /* StatsView.swift */; };
		E6F87ED33021895B00E16DFF /* GhostArt.swift in Sources */ = {isa = PBXBuildFile; fileRef = E6F87ED23021895B00E16DFF /* GhostArt.swift */; };
		E6FEA5CD3022975C000280D4 /* ComicLibrary.swift in Sources */ = {isa = PBXBuildFile; fileRef = E6FEA5CC3022975C000280D4 /* ComicLibrary.swift */; };
/* End PBXBuildFile section */

/* Begin PBXFileReference section */
		E625A7BC3021360E00E7ADEB /* ComicGhost.app */ = {isa = PBXFileReference; explicitFileType = wrapper.application; includeInIndex = 0; path = ComicGhost.app; sourceTree = BUILT_PRODUCTS_DIR; };
		E625A7D23021367A00E7ADEB /* FolderWatcher.swift */ = {isa = PBXFileReference; lastKnownFileType = sourcecode.swift; path = FolderWatcher.swift; sourceTree = "<group>"; };
		E625A7F53021374900E7ADEB /* unrar */ = {isa = PBXFileReference; lastKnownFileType = "compiled.mach-o.executable"; path = unrar; sourceTree = "<group>"; };
		E62FC30830257C6D005D9478 /* SeriesGroupSheet.swift */ = {isa = PBXFileReference; lastKnownFileType = sourcecode.swift; path = SeriesGroupSheet.swift; sourceTree = "<group>"; };
		E62FC30E30258281005D9478 /* MetadataWriter.swift */ = {isa = PBXFileReference; lastKnownFileType = sourcecode.swift; path = MetadataWriter.swift; sourceTree = "<group>"; };
		E6507F9430252215002B45DD /* BookmarksView.swift */ = {isa = PBXFileReference; lastKnownFileType = sourcecode.swift; path = BookmarksView.swift; sourceTree = "<group>"; };
		E6507F9630252221002B45DD /* ImportReviewView.swift */ = {isa = PBXFileReference; lastKnownFileType = sourcecode.swift; path = ImportReviewView.swift; sourceTree = "<group>"; };
		E6507F9830252231002B45DD /* CommandPalette.swift */ = {isa = PBXFileReference; lastKnownFileType = sourcecode.swift; path = CommandPalette.swift; sourceTree = "<group>"; };
		E6507FA030252274002B45DD /* ThumbnailGenerator.swift */ = {isa = PBXFileReference; lastKnownFileType = sourcecode.swift; path = ThumbnailGenerator.swift; sourceTree = "<group>"; };
		E6507FA430252293002B45DD /* PageStrip.swift */ = {isa = PBXFileReference; lastKnownFileType = sourcecode.swift; path = PageStrip.swift; sourceTree = "<group>"; };
		E6507FAE30252628002B45DD /* ComicGhostApp.swift */ = {isa = PBXFileReference; lastKnownFileType = sourcecode.swift; path = ComicGhostApp.swift; sourceTree = "<group>"; };
		E6507FB030252C9F002B45DD /* CreditsIndexView.swift */ = {isa = PBXFileReference; lastKnownFileType = sourcecode.swift; path = CreditsIndexView.swift; sourceTree = "<group>"; };
		E6507FB630252CD6002B45DD /* SmartCollection.swift */ = {isa = PBXFileReference; lastKnownFileType = sourcecode.swift; path = SmartCollection.swift; sourceTree = "<group>"; };
		E6507FD0302536B1002B45DD /* BackupService.swift */ = {isa = PBXFileReference; lastKnownFileType = sourcecode.swift; path = BackupService.swift; sourceTree = "<group>"; };
		E6507FD430253899002B45DD /* LibraryItem.swift */ = {isa = PBXFileReference; lastKnownFileType = sourcecode.swift; path = LibraryItem.swift; sourceTree = "<group>"; };
		E6507FD8302538BF002B45DD /* MetadataEditorSheet.swift */ = {isa = PBXFileReference; lastKnownFileType = sourcecode.swift; path = MetadataEditorSheet.swift; sourceTree = "<group>"; };
		E6507FE230253C35002B45DD /* ComicArchive.swift */ = {isa = PBXFileReference; lastKnownFileType = sourcecode.swift; path = ComicArchive.swift; sourceTree = "<group>"; };
		E6507FE430253C4E002B45DD /* ArchiveExtractor.swift */ = {isa = PBXFileReference; lastKnownFileType = sourcecode.swift; path = ArchiveExtractor.swift; sourceTree = "<group>"; };
		E6507FE630253C5D002B45DD /* ImageCache.swift */ = {isa = PBXFileReference; lastKnownFileType = sourcecode.swift; path = ImageCache.swift; sourceTree = "<group>"; };
		E6507FE830253C75002B45DD /* LibraryIngest.swift */ = {isa = PBXFileReference; lastKnownFileType = sourcecode.swift; path = LibraryIngest.swift; sourceTree = "<group>"; };
		E6507FEA30253C89002B45DD /* MetadataParser.swift */ = {isa = PBXFileReference; lastKnownFileType = sourcecode.swift; path = MetadataParser.swift; sourceTree = "<group>"; };
		E6507FEE30253CAB002B45DD /* ImageAdjustments.swift */ = {isa = PBXFileReference; lastKnownFileType = sourcecode.swift; path = ImageAdjustments.swift; sourceTree = "<group>"; };
		E6507FF830254379002B45DD /* SeriesCard.swift */ = {isa = PBXFileReference; lastKnownFileType = sourcecode.swift; path = SeriesCard.swift; sourceTree = "<group>"; };
		E65769D93022AB9A004FB141 /* Bookmark.swift */ = {isa = PBXFileReference; lastKnownFileType = sourcecode.swift; path = Bookmark.swift; sourceTree = "<group>"; };
		E669086A3023740800BACC24 /* IgnoredFile.swift */ = {isa = PBXFileReference; lastKnownFileType = sourcecode.swift; path = IgnoredFile.swift; sourceTree = "<group>"; };
		E67ED2C230264C5B00EFCE6F /* SettingsView.swift */ = {isa = PBXFileReference; lastKnownFileType = sourcecode.swift; path = SettingsView.swift; sourceTree = "<group>"; };
		E67ED2C430264C7300EFCE6F /* LibraryItemCell.swift */ = {isa = PBXFileReference; lastKnownFileType = sourcecode.swift; path = LibraryItemCell.swift; sourceTree = "<group>"; };
		E6837E393022D85700D5EFEB /* ComicLabel.swift */ = {isa = PBXFileReference; lastKnownFileType = sourcecode.swift; path = ComicLabel.swift; sourceTree = "<group>"; };
		E6837E3B3022D86C00D5EFEB /* LabelViews.swift */ = {isa = PBXFileReference; lastKnownFileType = sourcecode.swift; path = LabelViews.swift; sourceTree = "<group>"; };
		E6848228302192AF00690FF3 /* SmartCollectionEditor.swift */ = {isa = PBXFileReference; lastKnownFileType = sourcecode.swift; path = SmartCollectionEditor.swift; sourceTree = "<group>"; };
		E6C8FAE730235C2D00C3C658 /* CGThemeCatalog.swift */ = {isa = PBXFileReference; lastKnownFileType = sourcecode.swift; path = CGThemeCatalog.swift; sourceTree = "<group>"; };
		E6CF1604302606700090D8A9 /* LibraryToolsView.swift */ = {isa = PBXFileReference; lastKnownFileType = sourcecode.swift; path = LibraryToolsView.swift; sourceTree = "<group>"; };
		E6CF160C302606B40090D8A9 /* BatchConverter.swift */ = {isa = PBXFileReference; lastKnownFileType = sourcecode.swift; path = BatchConverter.swift; sourceTree = "<group>"; };
		E6D2C93A3024C0D40056EAA7 /* PageView.swift */ = {isa = PBXFileReference; lastKnownFileType = sourcecode.swift; path = PageView.swift; sourceTree = "<group>"; };
		E6D2C93C3024C3520056EAA7 /* ComicInfo.swift */ = {isa = PBXFileReference; lastKnownFileType = sourcecode.swift; path = ComicInfo.swift; sourceTree = "<group>"; };
		E6D2C94A3024C9C60056EAA7 /* ModelContainerSetup.swift */ = {isa = PBXFileReference; lastKnownFileType = sourcecode.swift; path = ModelContainerSetup.swift; sourceTree = "<group>"; };
		E6D2C95A3024CE940056EAA7 /* ComicNote.swift */ = {isa = PBXFileReference; lastKnownFileType = sourcecode.swift; path = ComicNote.swift; sourceTree = "<group>"; };
		E6D2C95E3024CEBA0056EAA7 /* ControlsLegend.swift */ = {isa = PBXFileReference; lastKnownFileType = sourcecode.swift; path = ControlsLegend.swift; sourceTree = "<group>"; };
		E6D2C9623024CEDB0056EAA7 /* NotesView.swift */ = {isa = PBXFileReference; lastKnownFileType = sourcecode.swift; path = NotesView.swift; sourceTree = "<group>"; };
		E6DE9DEF302610B500A5E8E2 /* ReaderView.swift */ = {isa = PBXFileReference; lastKnownFileType = sourcecode.swift; path = ReaderView.swift; sourceTree = "<group>"; };
		E6DE9DF13026124A00A5E8E2 /* LibraryView.swift */ = {isa = PBXFileReference; lastKnownFileType = sourcecode.swift; path = LibraryView.swift; sourceTree = "<group>"; };
		E6E8A1C930236777004D061B /* ContinuousPagesView.swift */ = {isa = PBXFileReference; lastKnownFileType = sourcecode.swift; path = ContinuousPagesView.swift; sourceTree = "<group>"; };
		E6E8A1D130236909004D061B /* CGTheme.swift */ = {isa = PBXFileReference; lastKnownFileType = sourcecode.swift; path = CGTheme.swift; sourceTree = "<group>"; };
		E6E8A1E130236ACF004D061B /* LibraryAnalysis.swift */ = {isa = PBXFileReference; lastKnownFileType = sourcecode.swift; path = LibraryAnalysis.swift; sourceTree = "<group>"; };
		E6E8A1E730236D1A004D061B /* SystemIntegration.swift */ = {isa = PBXFileReference; lastKnownFileType = sourcecode.swift; path = SystemIntegration.swift; sourceTree = "<group>"; };
		E6E8A1EF30236F1F004D061B /* ComicGhost-Info.plist */ = {isa = PBXFileReference; lastKnownFileType = text.plist; path = "ComicGhost-Info.plist"; sourceTree = "<group>"; };
		E6F87E5530213C1B00E16DFF /* ReadingProgress.swift */ = {isa = PBXFileReference; lastKnownFileType = sourcecode.swift; path = ReadingProgress.swift; sourceTree = "<group>"; };
		E6F87E8A30215E5C00E16DFF /* WatchedFolder.swift */ = {isa = PBXFileReference; lastKnownFileType = sourcecode.swift; path = WatchedFolder.swift; sourceTree = "<group>"; };
		E6F87EAA302173B000E16DFF /* Assets.xcassets */ = {isa = PBXFileReference; lastKnownFileType = folder.assetcatalog; path = Assets.xcassets; sourceTree = "<group>"; };
		E6F87EC230217CE100E16DFF /* RatingViews.swift */ = {isa = PBXFileReference; lastKnownFileType = sourcecode.swift; path = RatingViews.swift; sourceTree = "<group>"; };
		E6F87ECE30217D5400E16DFF /* StatsView.swift */ = {isa = PBXFileReference; lastKnownFileType = sourcecode.swift; path = StatsView.swift; sourceTree = "<group>"; };
		E6F87ED23021895B00E16DFF /* GhostArt.swift */ = {isa = PBXFileReference; lastKnownFileType = sourcecode.swift; path = GhostArt.swift; sourceTree = "<group>"; };
		E6FEA5CC3022975C000280D4 /* ComicLibrary.swift */ = {isa = PBXFileReference; lastKnownFileType = sourcecode.swift; path = ComicLibrary.swift; sourceTree = "<group>"; };
/* End PBXFileReference section */

/* Begin PBXFrameworksBuildPhase section */
		E625A7B93021360E00E7ADEB /* Frameworks */ = {
			isa = PBXFrameworksBuildPhase;
			buildActionMask = 2147483647;
			files = (
				E625A7F4302136EC00E7ADEB /* ZIPFoundation in Frameworks */,
			);
			runOnlyForDeploymentPostprocessing = 0;
		};
/* End PBXFrameworksBuildPhase section */

/* Begin PBXGroup section */
		E625A7B33021360E00E7ADEB = {
			isa = PBXGroup;
			children = (
				E6E8A1EF30236F1F004D061B /* ComicGhost-Info.plist */,
				E6F87EAA302173B000E16DFF /* Assets.xcassets */,
				E625A7BD3021360E00E7ADEB /* Products */,
				E625A7D03021367A00E7ADEB /* Persistence */,
				E625A7D63021367A00E7ADEB /* Services */,
				E625A7D83021367A00E7ADEB /* Theme */,
				E625A7F53021374900E7ADEB /* unrar */,
				E6F87E4830213B5600E16DFF /* Models */,
				E6F87E4E30213B5600E16DFF /* Views */,
			);
			sourceTree = "<group>";
		};
		E625A7BD3021360E00E7ADEB /* Products */ = {
			isa = PBXGroup;
			children = (
				E625A7BC3021360E00E7ADEB /* ComicGhost.app */,
				E6507FAE30252628002B45DD /* ComicGhostApp.swift */,
			);
			name = Products;
			sourceTree = "<group>";
		};
		E625A7D03021367A00E7ADEB /* Persistence */ = {
			isa = PBXGroup;
			children = (
				E6D2C94A3024C9C60056EAA7 /* ModelContainerSetup.swift */,
			);
			path = Persistence;
			sourceTree = "<group>";
		};
		E625A7D63021367A00E7ADEB /* Services */ = {
			isa = PBXGroup;
			children = (
				E625A7D23021367A00E7ADEB /* FolderWatcher.swift */,
				E6F87E8A30215E5C00E16DFF /* WatchedFolder.swift */,
				E6E8A1E130236ACF004D061B /* LibraryAnalysis.swift */,
				E6E8A1E730236D1A004D061B /* SystemIntegration.swift */,
				E6507FA030252274002B45DD /* ThumbnailGenerator.swift */,
				E6507FD0302536B1002B45DD /* BackupService.swift */,
				E6507FE430253C4E002B45DD /* ArchiveExtractor.swift */,
				E6507FE630253C5D002B45DD /* ImageCache.swift */,
				E6507FE830253C75002B45DD /* LibraryIngest.swift */,
				E6507FEA30253C89002B45DD /* MetadataParser.swift */,
				E62FC30E30258281005D9478 /* MetadataWriter.swift */,
				E6CF160C302606B40090D8A9 /* BatchConverter.swift */,
			);
			path = Services;
			sourceTree = "<group>";
		};
		E625A7D83021367A00E7ADEB /* Theme */ = {
			isa = PBXGroup;
			children = (
				E6C8FAE730235C2D00C3C658 /* CGThemeCatalog.swift */,
				E6E8A1D130236909004D061B /* CGTheme.swift */,
			);
			path = Theme;
			sourceTree = "<group>";
		};
		E6F87E4830213B5600E16DFF /* Models */ = {
			isa = PBXGroup;
			children = (
				E6F87E5530213C1B00E16DFF /* ReadingProgress.swift */,
				E6FEA5CC3022975C000280D4 /* ComicLibrary.swift */,
				E65769D93022AB9A004FB141 /* Bookmark.swift */,
				E6837E393022D85700D5EFEB /* ComicLabel.swift */,
				E669086A3023740800BACC24 /* IgnoredFile.swift */,
				E6D2C93C3024C3520056EAA7 /* ComicInfo.swift */,
				E6D2C95A3024CE940056EAA7 /* ComicNote.swift */,
				E6507FB630252CD6002B45DD /* SmartCollection.swift */,
				E6507FD430253899002B45DD /* LibraryItem.swift */,
				E6507FE230253C35002B45DD /* ComicArchive.swift */,
			);
			path = Models;
			sourceTree = "<group>";
		};
		E6F87E4B30213B5600E16DFF /* Library */ = {
			isa = PBXGroup;
			children = (
				E6F87EC230217CE100E16DFF /* RatingViews.swift */,
				E6F87ECE30217D5400E16DFF /* StatsView.swift */,
				E6848228302192AF00690FF3 /* SmartCollectionEditor.swift */,
				E6837E3B3022D86C00D5EFEB /* LabelViews.swift */,
				E6507F9430252215002B45DD /* BookmarksView.swift */,
				E6507F9630252221002B45DD /* ImportReviewView.swift */,
				E6507F9830252231002B45DD /* CommandPalette.swift */,
				E6507FB030252C9F002B45DD /* CreditsIndexView.swift */,
				E6507FF830254379002B45DD /* SeriesCard.swift */,
				E62FC30830257C6D005D9478 /* SeriesGroupSheet.swift */,
				E6CF1604302606700090D8A9 /* LibraryToolsView.swift */,
				E6DE9DF13026124A00A5E8E2 /* LibraryView.swift */,
				E67ED2C430264C7300EFCE6F /* LibraryItemCell.swift */,
			);
			path = Library;
			sourceTree = "<group>";
		};
		E6F87E4D30213B5600E16DFF /* Reader */ = {
			isa = PBXGroup;
			children = (
				E6E8A1C930236777004D061B /* ContinuousPagesView.swift */,
				E6D2C93A3024C0D40056EAA7 /* PageView.swift */,
				E6D2C95E3024CEBA0056EAA7 /* ControlsLegend.swift */,
				E6507FA430252293002B45DD /* PageStrip.swift */,
				E6507FEE30253CAB002B45DD /* ImageAdjustments.swift */,
				E6DE9DEF302610B500A5E8E2 /* ReaderView.swift */,
			);
			path = Reader;
			sourceTree = "<group>";
		};
		E6F87E4E30213B5600E16DFF /* Views */ = {
			isa = PBXGroup;
			children = (
				E6F87E5930213D1E00E16DFF /* Shared */,
				E6F87E4B30213B5600E16DFF /* Library */,
				E6F87E4D30213B5600E16DFF /* Reader */,
			);
			path = Views;
			sourceTree = "<group>";
		};
		E6F87E5930213D1E00E16DFF /* Shared */ = {
			isa = PBXGroup;
			children = (
				E6F87ED23021895B00E16DFF /* GhostArt.swift */,
				E6D2C9623024CEDB0056EAA7 /* NotesView.swift */,
				E6507FD8302538BF002B45DD /* MetadataEditorSheet.swift */,
				E67ED2C230264C5B00EFCE6F /* SettingsView.swift */,
			);
			path = Shared;
			sourceTree = "<group>";
		};
/* End PBXGroup section */

/* Begin PBXNativeTarget section */
		E625A7BB3021360E00E7ADEB /* ComicGhost */ = {
			isa = PBXNativeTarget;
			buildConfigurationList = E625A7C73021360F00E7ADEB /* Build configuration list for PBXNativeTarget "ComicGhost" */;
			buildPhases = (
				E625A7B83021360E00E7ADEB /* Sources */,
				E625A7B93021360E00E7ADEB /* Frameworks */,
				E625A7BA3021360E00E7ADEB /* Resources */,
			);
			buildRules = (
			);
			dependencies = (
			);
			name = ComicGhost;
			packageProductDependencies = (
				E625A7F3302136EC00E7ADEB /* ZIPFoundation */,
			);
			productName = ComicGhost;
			productReference = E625A7BC3021360E00E7ADEB /* ComicGhost.app */;
			productType = "com.apple.product-type.application";
		};
/* End PBXNativeTarget section */

/* Begin PBXProject section */
		E625A7B43021360E00E7ADEB /* Project object */ = {
			isa = PBXProject;
			attributes = {
				BuildIndependentTargetsInParallel = 1;
				LastSwiftUpdateCheck = 2660;
				LastUpgradeCheck = 2660;
				TargetAttributes = {
					E625A7BB3021360E00E7ADEB = {
						CreatedOnToolsVersion = 26.6;
					};
				};
			};
			buildConfigurationList = E625A7B73021360E00E7ADEB /* Build configuration list for PBXProject "ComicGhost" */;
			developmentRegion = en;
			hasScannedForEncodings = 0;
			knownRegions = (
				en,
				Base,
			);
			mainGroup = E625A7B33021360E00E7ADEB;
			minimizedProjectReferenceProxies = 1;
			packageReferences = (
				E6F87E813021549D00E16DFF /* XCLocalSwiftPackageReference "ZIPFoundation-0.9.20" */,
			);
			preferredProjectObjectVersion = 77;
			productRefGroup = E625A7BD3021360E00E7ADEB /* Products */;
			projectDirPath = "";
			projectRoot = "";
			targets = (
				E625A7BB3021360E00E7ADEB /* ComicGhost */,
			);
		};
/* End PBXProject section */

/* Begin PBXResourcesBuildPhase section */
		E625A7BA3021360E00E7ADEB /* Resources */ = {
			isa = PBXResourcesBuildPhase;
			buildActionMask = 2147483647;
			files = (
				E6F87EAB302173B000E16DFF /* Assets.xcassets in Resources */,
				E625A7F63021374900E7ADEB /* unrar in Resources */,
			);
			runOnlyForDeploymentPostprocessing = 0;
		};
/* End PBXResourcesBuildPhase section */

/* Begin PBXSourcesBuildPhase section */
		E625A7B83021360E00E7ADEB /* Sources */ = {
			isa = PBXSourcesBuildPhase;
			buildActionMask = 2147483647;
			files = (
				E6507FD530253899002B45DD /* LibraryItem.swift in Sources */,
				E6F87ECF30217D5400E16DFF /* StatsView.swift in Sources */,
				E62FC30930257C6D005D9478 /* SeriesGroupSheet.swift in Sources */,
				E6507FE530253C4E002B45DD /* ArchiveExtractor.swift in Sources */,
				E6507FB730252CD6002B45DD /* SmartCollection.swift in Sources */,
				E6E8A1E230236ACF004D061B /* LibraryAnalysis.swift in Sources */,
				E6D2C95F3024CEBA0056EAA7 /* ControlsLegend.swift in Sources */,
				E6507FD1302536B1002B45DD /* BackupService.swift in Sources */,
				E6837E3C3022D86C00D5EFEB /* LabelViews.swift in Sources */,
				E6CF1605302606700090D8A9 /* LibraryToolsView.swift in Sources */,
				E6D2C93B3024C0D40056EAA7 /* PageView.swift in Sources */,
				E6507FAF30252628002B45DD /* ComicGhostApp.swift in Sources */,
				E6E8A1E830236D1A004D061B /* SystemIntegration.swift in Sources */,
				E6D2C93D3024C3520056EAA7 /* ComicInfo.swift in Sources */,
				E67ED2C330264C5B00EFCE6F /* SettingsView.swift in Sources */,
				E6848229302192AF00690FF3 /* SmartCollectionEditor.swift in Sources */,
				E6507FE730253C5D002B45DD /* ImageCache.swift in Sources */,
				E6F87E8B30215E5C00E16DFF /* WatchedFolder.swift in Sources */,
				E625A7ED3021367A00E7ADEB /* FolderWatcher.swift in Sources */,
				E6507FD9302538BF002B45DD /* MetadataEditorSheet.swift in Sources */,
				E6E8A1D230236909004D061B /* CGTheme.swift in Sources */,
				E6CF160D302606B40090D8A9 /* BatchConverter.swift in Sources */,
				E6507F9730252221002B45DD /* ImportReviewView.swift in Sources */,
				E67ED2C530264C7300EFCE6F /* LibraryItemCell.swift in Sources */,
				E6507FB130252C9F002B45DD /* CreditsIndexView.swift in Sources */,
				E6507FE930253C75002B45DD /* LibraryIngest.swift in Sources */,
				E669086B3023740800BACC24 /* IgnoredFile.swift in Sources */,
				E6F87ED33021895B00E16DFF /* GhostArt.swift in Sources */,
				E6D2C94B3024C9C60056EAA7 /* ModelContainerSetup.swift in Sources */,
				E6FEA5CD3022975C000280D4 /* ComicLibrary.swift in Sources */,
				E6507FA130252274002B45DD /* ThumbnailGenerator.swift in Sources */,
				E6DE9DF0302610B500A5E8E2 /* ReaderView.swift in Sources */,
				E6507FEB30253C89002B45DD /* MetadataParser.swift in Sources */,
				E6F87EC330217CE100E16DFF /* RatingViews.swift in Sources */,
				E6507FA530252293002B45DD /* PageStrip.swift in Sources */,
				E6DE9DF23026124A00A5E8E2 /* LibraryView.swift in Sources */,
				E6D2C9633024CEDB0056EAA7 /* NotesView.swift in Sources */,
				E6E8A1CA30236777004D061B /* ContinuousPagesView.swift in Sources */,
				E6F87E5630213C1B00E16DFF /* ReadingProgress.swift in Sources */,
				E6507F9530252215002B45DD /* BookmarksView.swift in Sources */,
				E62FC30F30258281005D9478 /* MetadataWriter.swift in Sources */,
				E6D2C95B3024CE940056EAA7 /* ComicNote.swift in Sources */,
				E6507FE330253C35002B45DD /* ComicArchive.swift in Sources */,
				E6C8FAE830235C2D00C3C658 /* CGThemeCatalog.swift in Sources */,
				E6507FF930254379002B45DD /* SeriesCard.swift in Sources */,
				E6837E3A3022D85700D5EFEB /* ComicLabel.swift in Sources */,
				E6507F9930252231002B45DD /* CommandPalette.swift in Sources */,
				E65769DA3022AB9A004FB141 /* Bookmark.swift in Sources */,
				E6507FEF30253CAB002B45DD /* ImageAdjustments.swift in Sources */,
			);
			runOnlyForDeploymentPostprocessing = 0;
		};
/* End PBXSourcesBuildPhase section */

/* Begin XCBuildConfiguration section */
		E625A7C53021360F00E7ADEB /* Debug */ = {
			isa = XCBuildConfiguration;
			buildSettings = {
				ALWAYS_SEARCH_USER_PATHS = NO;
				ASSETCATALOG_COMPILER_GENERATE_SWIFT_ASSET_SYMBOL_EXTENSIONS = YES;
				CLANG_ANALYZER_NONNULL = YES;
				CLANG_ANALYZER_NUMBER_OBJECT_CONVERSION = YES_AGGRESSIVE;
				CLANG_CXX_LANGUAGE_STANDARD = "gnu++20";
				CLANG_ENABLE_MODULES = YES;
				CLANG_ENABLE_OBJC_ARC = YES;
				CLANG_ENABLE_OBJC_WEAK = YES;
				CLANG_WARN_BLOCK_CAPTURE_AUTORELEASING = YES;
				CLANG_WARN_BOOL_CONVERSION = YES;
				CLANG_WARN_COMMA = YES;
				CLANG_WARN_CONSTANT_CONVERSION = YES;
				CLANG_WARN_DEPRECATED_OBJC_IMPLEMENTATIONS = YES;
				CLANG_WARN_DIRECT_OBJC_ISA_USAGE = YES_ERROR;
				CLANG_WARN_DOCUMENTATION_COMMENTS = YES;
				CLANG_WARN_EMPTY_BODY = YES;
				CLANG_WARN_ENUM_CONVERSION = YES;
				CLANG_WARN_INFINITE_RECURSION = YES;
				CLANG_WARN_INT_CONVERSION = YES;
				CLANG_WARN_NON_LITERAL_NULL_CONVERSION = YES;
				CLANG_WARN_OBJC_IMPLICIT_RETAIN_SELF = YES;
				CLANG_WARN_OBJC_LITERAL_CONVERSION = YES;
				CLANG_WARN_OBJC_ROOT_CLASS = YES_ERROR;
				CLANG_WARN_QUOTED_INCLUDE_IN_FRAMEWORK_HEADER = YES;
				CLANG_WARN_RANGE_LOOP_ANALYSIS = YES;
				CLANG_WARN_STRICT_PROTOTYPES = YES;
				CLANG_WARN_SUSPICIOUS_MOVE = YES;
				CLANG_WARN_UNGUARDED_AVAILABILITY = YES_AGGRESSIVE;
				CLANG_WARN_UNREACHABLE_CODE = YES;
				CLANG_WARN__DUPLICATE_METHOD_MATCH = YES;
				COPY_PHASE_STRIP = NO;
				DEBUG_INFORMATION_FORMAT = dwarf;
				ENABLE_STRICT_OBJC_MSGSEND = YES;
				ENABLE_TESTABILITY = YES;
				ENABLE_USER_SCRIPT_SANDBOXING = YES;
				GCC_C_LANGUAGE_STANDARD = gnu17;
				GCC_DYNAMIC_NO_PIC = NO;
				GCC_NO_COMMON_BLOCKS = YES;
				GCC_OPTIMIZATION_LEVEL = 0;
				GCC_PREPROCESSOR_DEFINITIONS = (
					"DEBUG=1",
					"$(inherited)",
				);
				GCC_WARN_64_TO_32_BIT_CONVERSION = YES;
				GCC_WARN_ABOUT_RETURN_TYPE = YES_ERROR;
				GCC_WARN_UNDECLARED_SELECTOR = YES;
				GCC_WARN_UNINITIALIZED_AUTOS = YES_AGGRESSIVE;
				GCC_WARN_UNUSED_FUNCTION = YES;
				GCC_WARN_UNUSED_VARIABLE = YES;
				LOCALIZATION_PREFERS_STRING_CATALOGS = YES;
				MACOSX_DEPLOYMENT_TARGET = 26.5;
				MTL_ENABLE_DEBUG_INFO = INCLUDE_SOURCE;
				MTL_FAST_MATH = YES;
				ONLY_ACTIVE_ARCH = YES;
				SDKROOT = macosx;
				SWIFT_ACTIVE_COMPILATION_CONDITIONS = "DEBUG $(inherited)";
				SWIFT_OPTIMIZATION_LEVEL = "-Onone";
			};
			name = Debug;
		};
		E625A7C63021360F00E7ADEB /* Release */ = {
			isa = XCBuildConfiguration;
			buildSettings = {
				ALWAYS_SEARCH_USER_PATHS = NO;
				ASSETCATALOG_COMPILER_GENERATE_SWIFT_ASSET_SYMBOL_EXTENSIONS = YES;
				CLANG_ANALYZER_NONNULL = YES;
				CLANG_ANALYZER_NUMBER_OBJECT_CONVERSION = YES_AGGRESSIVE;
				CLANG_CXX_LANGUAGE_STANDARD = "gnu++20";
				CLANG_ENABLE_MODULES = YES;
				CLANG_ENABLE_OBJC_ARC = YES;
				CLANG_ENABLE_OBJC_WEAK = YES;
				CLANG_WARN_BLOCK_CAPTURE_AUTORELEASING = YES;
				CLANG_WARN_BOOL_CONVERSION = YES;
				CLANG_WARN_COMMA = YES;
				CLANG_WARN_CONSTANT_CONVERSION = YES;
				CLANG_WARN_DEPRECATED_OBJC_IMPLEMENTATIONS = YES;
				CLANG_WARN_DIRECT_OBJC_ISA_USAGE = YES_ERROR;
				CLANG_WARN_DOCUMENTATION_COMMENTS = YES;
				CLANG_WARN_EMPTY_BODY = YES;
				CLANG_WARN_ENUM_CONVERSION = YES;
				CLANG_WARN_INFINITE_RECURSION = YES;
				CLANG_WARN_INT_CONVERSION = YES;
				CLANG_WARN_NON_LITERAL_NULL_CONVERSION = YES;
				CLANG_WARN_OBJC_IMPLICIT_RETAIN_SELF = YES;
				CLANG_WARN_OBJC_LITERAL_CONVERSION = YES;
				CLANG_WARN_OBJC_ROOT_CLASS = YES_ERROR;
				CLANG_WARN_QUOTED_INCLUDE_IN_FRAMEWORK_HEADER = YES;
				CLANG_WARN_RANGE_LOOP_ANALYSIS = YES;
				CLANG_WARN_STRICT_PROTOTYPES = YES;
				CLANG_WARN_SUSPICIOUS_MOVE = YES;
				CLANG_WARN_UNGUARDED_AVAILABILITY = YES_AGGRESSIVE;
				CLANG_WARN_UNREACHABLE_CODE = YES;
				CLANG_WARN__DUPLICATE_METHOD_MATCH = YES;
				COPY_PHASE_STRIP = NO;
				DEBUG_INFORMATION_FORMAT = "dwarf-with-dsym";
				ENABLE_NS_ASSERTIONS = NO;
				ENABLE_STRICT_OBJC_MSGSEND = YES;
				ENABLE_USER_SCRIPT_SANDBOXING = YES;
				GCC_C_LANGUAGE_STANDARD = gnu17;
				GCC_NO_COMMON_BLOCKS = YES;
				GCC_WARN_64_TO_32_BIT_CONVERSION = YES;
				GCC_WARN_ABOUT_RETURN_TYPE = YES_ERROR;
				GCC_WARN_UNDECLARED_SELECTOR = YES;
				GCC_WARN_UNINITIALIZED_AUTOS = YES_AGGRESSIVE;
				GCC_WARN_UNUSED_FUNCTION = YES;
				GCC_WARN_UNUSED_VARIABLE = YES;
				LOCALIZATION_PREFERS_STRING_CATALOGS = YES;
				MACOSX_DEPLOYMENT_TARGET = 26.5;
				MTL_ENABLE_DEBUG_INFO = NO;
				MTL_FAST_MATH = YES;
				SDKROOT = macosx;
				SWIFT_COMPILATION_MODE = wholemodule;
			};
			name = Release;
		};
		E625A7C83021360F00E7ADEB /* Debug */ = {
			isa = XCBuildConfiguration;
			buildSettings = {
				ASSETCATALOG_COMPILER_APPICON_NAME = AppIcon;
				ASSETCATALOG_COMPILER_GLOBAL_ACCENT_COLOR_NAME = AccentColor;
				CODE_SIGN_STYLE = Automatic;
				COMBINE_HIDPI_IMAGES = YES;
				CURRENT_PROJECT_VERSION = 1;
				ENABLE_APP_SANDBOX = YES;
				ENABLE_INCOMING_NETWORK_CONNECTIONS = NO;
				ENABLE_OUTGOING_NETWORK_CONNECTIONS = NO;
				ENABLE_PREVIEWS = YES;
				ENABLE_RESOURCE_ACCESS_AUDIO_INPUT = NO;
				ENABLE_RESOURCE_ACCESS_BLUETOOTH = NO;
				ENABLE_RESOURCE_ACCESS_CALENDARS = NO;
				ENABLE_RESOURCE_ACCESS_CAMERA = NO;
				ENABLE_RESOURCE_ACCESS_CONTACTS = NO;
				ENABLE_RESOURCE_ACCESS_LOCATION = NO;
				ENABLE_RESOURCE_ACCESS_PRINTING = NO;
				ENABLE_RESOURCE_ACCESS_USB = NO;
				ENABLE_USER_SELECTED_FILES = readwrite;
				GENERATE_INFOPLIST_FILE = YES;
				INFOPLIST_FILE = "ComicGhost-Info.plist";
				INFOPLIST_KEY_LSApplicationCategoryType = "public.app-category.entertainment";
				INFOPLIST_KEY_NSHumanReadableCopyright = "";
				LD_RUNPATH_SEARCH_PATHS = (
					"$(inherited)",
					"@executable_path/../Frameworks",
				);
				MACOSX_DEPLOYMENT_TARGET = 15.0;
				MARKETING_VERSION = 1.1.1;
				PRODUCT_BUNDLE_IDENTIFIER = cgr.ComicGhost;
				PRODUCT_NAME = "$(TARGET_NAME)";
				REGISTER_APP_GROUPS = YES;
				STRING_CATALOG_GENERATE_SYMBOLS = YES;
				SWIFT_APPROACHABLE_CONCURRENCY = YES;
				SWIFT_DEFAULT_ACTOR_ISOLATION = MainActor;
				SWIFT_EMIT_LOC_STRINGS = YES;
				SWIFT_UPCOMING_FEATURE_MEMBER_IMPORT_VISIBILITY = YES;
				SWIFT_VERSION = 5.0;
			};
			name = Debug;
		};
		E625A7C93021360F00E7ADEB /* Release */ = {
			isa = XCBuildConfiguration;
			buildSettings = {
				ASSETCATALOG_COMPILER_APPICON_NAME = AppIcon;
				ASSETCATALOG_COMPILER_GLOBAL_ACCENT_COLOR_NAME = AccentColor;
				CODE_SIGN_STYLE = Automatic;
				COMBINE_HIDPI_IMAGES = YES;
				CURRENT_PROJECT_VERSION = 1;
				ENABLE_APP_SANDBOX = YES;
				ENABLE_INCOMING_NETWORK_CONNECTIONS = NO;
				ENABLE_OUTGOING_NETWORK_CONNECTIONS = NO;
				ENABLE_PREVIEWS = YES;
				ENABLE_RESOURCE_ACCESS_AUDIO_INPUT = NO;
				ENABLE_RESOURCE_ACCESS_BLUETOOTH = NO;
				ENABLE_RESOURCE_ACCESS_CALENDARS = NO;
				ENABLE_RESOURCE_ACCESS_CAMERA = NO;
				ENABLE_RESOURCE_ACCESS_CONTACTS = NO;
				ENABLE_RESOURCE_ACCESS_LOCATION = NO;
				ENABLE_RESOURCE_ACCESS_PRINTING = NO;
				ENABLE_RESOURCE_ACCESS_USB = NO;
				ENABLE_USER_SELECTED_FILES = readwrite;
				GENERATE_INFOPLIST_FILE = YES;
				INFOPLIST_FILE = "ComicGhost-Info.plist";
				INFOPLIST_KEY_LSApplicationCategoryType = "public.app-category.entertainment";
				INFOPLIST_KEY_NSHumanReadableCopyright = "";
				LD_RUNPATH_SEARCH_PATHS = (
					"$(inherited)",
					"@executable_path/../Frameworks",
				);
				MACOSX_DEPLOYMENT_TARGET = 15.0;
				MARKETING_VERSION = 1.1.1;
				PRODUCT_BUNDLE_IDENTIFIER = cgr.ComicGhost;
				PRODUCT_NAME = "$(TARGET_NAME)";
				REGISTER_APP_GROUPS = YES;
				STRING_CATALOG_GENERATE_SYMBOLS = YES;
				SWIFT_APPROACHABLE_CONCURRENCY = YES;
				SWIFT_DEFAULT_ACTOR_ISOLATION = MainActor;
				SWIFT_EMIT_LOC_STRINGS = YES;
				SWIFT_UPCOMING_FEATURE_MEMBER_IMPORT_VISIBILITY = YES;
				SWIFT_VERSION = 5.0;
			};
			name = Release;
		};
/* End XCBuildConfiguration section */

/* Begin XCConfigurationList section */
		E625A7B73021360E00E7ADEB /* Build configuration list for PBXProject "ComicGhost" */ = {
			isa = XCConfigurationList;
			buildConfigurations = (
				E625A7C53021360F00E7ADEB /* Debug */,
				E625A7C63021360F00E7ADEB /* Release */,
			);
			defaultConfigurationIsVisible = 0;
			defaultConfigurationName = Release;
		};
		E625A7C73021360F00E7ADEB /* Build configuration list for PBXNativeTarget "ComicGhost" */ = {
			isa = XCConfigurationList;
			buildConfigurations = (
				E625A7C83021360F00E7ADEB /* Debug */,
				E625A7C93021360F00E7ADEB /* Release */,
			);
			defaultConfigurationIsVisible = 0;
			defaultConfigurationName = Release;
		};
/* End XCConfigurationList section */

/* Begin XCLocalSwiftPackageReference section */
		E6F87E813021549D00E16DFF /* XCLocalSwiftPackageReference "ZIPFoundation-0.9.20" */ = {
			isa = XCLocalSwiftPackageReference;
			relativePath = "ZIPFoundation-0.9.20";
		};
/* End XCLocalSwiftPackageReference section */

/* Begin XCSwiftPackageProductDependency section */
		E625A7F3302136EC00E7ADEB /* ZIPFoundation */ = {
			isa = XCSwiftPackageProductDependency;
			productName = ZIPFoundation;
		};
/* End XCSwiftPackageProductDependency section */
	};
	rootObject = E625A7B43021360E00E7ADEB /* Project object */;
}
